
Microsoft Visual Studio Solution File, Format Version 12.00
# Visual Studio Version 17
VisualStudioVersion = 17.0.31903.59
MinimumVisualStudioVersion = 10.0.40219.1
Project("{FAE04EC0-301F-11D3-BF4B-00C04F79EFBC}") = "App.Domain.Entities", "..\02 Domain\01 Entities\App.Domain.Entities\App.Domain.Entities.csproj", "{F2E000E5-B269-41BF-9F73-00B9F7A7186E}"
EndProject
Project("{2150E333-8FDC-42A3-9474-1A3956D46DE8}") = "02 Domain", "02 Domain", "{214CB928-018F-48F6-A6F2-12B74E44D51D}"
EndProject
Project("{2150E333-8FDC-42A3-9474-1A3956D46DE8}") = "01 Entities", "01 Entities", "{CA1B0898-2FD8-482A-A465-92EF2938FB1C}"
EndProject
Global
	GlobalSection(SolutionConfigurationPlatforms) = preSolution
		Debug|Any CPU = Debug|Any CPU
		Debug|x64 = Debug|x64
		Debug|x86 = Debug|x86
		Release|Any CPU = Release|Any CPU
		Release|x64 = Release|x64
		Release|x86 = Release|x86
	EndGlobalSection
	GlobalSection(ProjectConfigurationPlatforms) = postSolution
		{F2E000E5-B269-41BF-9F73-00B9F7A7186E}.Debug|Any CPU.ActiveCfg = Debug|Any CPU
		{F2E000E5-B269-41BF-9F73-00B9F7A7186E}.Debug|Any CPU.Build.0 = Debug|Any CPU
		{F2E000E5-B269-41BF-9F73-00B9F7A7186E}.Debug|x64.ActiveCfg = Debug|Any CPU
		{F2E000E5-B269-41BF-9F73-00B9F7A7186E}.Debug|x64.Build.0 = Debug|Any CPU
		{F2E000E5-B269-41BF-9F73-00B9F7A7186E}.Debug|x86.ActiveCfg = Debug|Any CPU
		{F2E000E5-B269-41BF-9F73-00B9F7A7186E}.Debug|x86.Build.0 = Debug|Any CPU
		{F2E000E5-B269-41BF-9F73-00B9F7A7186E}.Release|Any CPU.ActiveCfg = Release|Any CPU
		{F2E000E5-B269-41BF-9F73-00B9F7A7186E}.Release|Any CPU.Build.0 = Release|Any CPU
		{F2E000E5-B269-41BF-9F73-00B9F7A7186E}.Release|x64.ActiveCfg = Release|Any CPU
		{F2E000E5-B269-41BF-9F73-00B9F7A7186E}.Release|x64.Build.0 = Release|Any CPU
		{F2E000E5-B269-41BF-9F73-00B9F7A7186E}.Release|x86.ActiveCfg = Release|Any CPU
		{F2E000E5-B269-41BF-9F73-00B9F7A7186E}.Release|x86.Build.0 = Release|Any CPU
	EndGlobalSection
	GlobalSection(SolutionProperties) = preSolution
		HideSolutionNode = FALSE
	EndGlobalSection
	GlobalSection(NestedProjects) = preSolution
		{CA1B0898-2FD8-482A-A465-92EF2938FB1C} = {214CB928-018F-48F6-A6F2-12B74E44D51D}
		{F2E000E5-B269-41BF-9F73-00B9F7A7186E} = {CA1B0898-2FD8-482A-A465-92EF2938FB1C}
	EndGlobalSection
EndGlobal
